<?xml version="1.0" encoding="utf-8"?>
<Project ToolsVersion="4.0" xmlns="http://schemas.microsoft.com/developer/msbuild/2003">
  <ItemGroup>
    <Filter Include="sip">
      <UniqueIdentifier>{253d16e8-f98c-4beb-b1ca-799d5682d1ba}</UniqueIdentifier>
    </Filter>
    <Filter Include="test">
      <UniqueIdentifier>{b8b636b4-07d5-46be-9049-2174508054cb}</UniqueIdentifier>
    </Filter>
  </ItemGroup>
  <ItemGroup>
    <ClInclude Include="test\sip_header_test.h">
      <Filter>test</Filter>
    </ClInclude>
    <ClInclude Include="test\sip_message_test.h">
      <Filter>test</Filter>
    </ClInclude>
    <ClInclude Include="src\sip\sip_defs.h">
      <Filter>sip</Filter>
    </ClInclude>
    <ClInclude Include="src\sip\sip_functions.h">
      <Filter>sip</Filter>
    </ClInclude>
    <ClInclude Include="src\sip\sip_header.h">
      <Filter>sip</Filter>
    </ClInclude>
    <ClInclude Include="src\sip\sip_message.h">
      <Filter>sip</Filter>
    </ClInclude>
    <ClInclude Include="src\sip\sip_request.h">
      <Filter>sip</Filter>
    </ClInclude>
    <ClInclude Include="src\sip\sip_response.h">
      <Filter>sip</Filter>
    </ClInclude>
  </ItemGroup>
  <ItemGroup>
    <ClCompile Include="test\sip_header_test.cc">
      <Filter>test</Filter>
    </ClCompile>
    <ClCompile Include="test\sip_message_test.cc">
      <Filter>test</Filter>
    </ClCompile>
    <ClCompile Include="test\sip_test.cc">
      <Filter>test</Filter>
    </ClCompile>
    <ClCompile Include="src\sip\sip_functions.cc">
      <Filter>sip</Filter>
    </ClCompile>
    <ClCompile Include="src\sip\sip_header.cc">
      <Filter>sip</Filter>
    </ClCompile>
    <ClCompile Include="src\sip\sip_message.cc">
      <Filter>sip</Filter>
    </ClCompile>
    <ClCompile Include="src\sip\sip_request.cc">
      <Filter>sip</Filter>
    </ClCompile>
    <ClCompile Include="src\sip\sip_response.cc">
      <Filter>sip</Filter>
    </ClCompile>
  </ItemGroup>
</Project>